{
  "name": "app",
  "lockfileVersion": 2,
  "requires": true,
  "packages": {
    "": {
      "name": "app",
      "dependencies": {
        "@stripe/stripe-js": "^3.0.4"
      }
    },
    "node_modules/@stripe/stripe-js": {
      "version": "3.0.4",
      "resolved": "https://registry.npmjs.org/@stripe/stripe-js/-/stripe-js-3.0.4.tgz",
      "integrity": "sha512-oz+s5MbU308C3iG36NjsBTa+0u00qLKuzixo/7HUAcmWPok7CDREOcGLUCho3wUEC+AWYu9156Us+eCO42HRAg==",
      "engines": {
        "node": ">=12.16"
      }
    }
  },
  "dependencies": {
    "@stripe/stripe-js": {
      "version": "3.0.4",
      "resolved": "https://registry.npmjs.org/@stripe/stripe-js/-/stripe-js-3.0.4.tgz",
      "integrity": "sha512-oz+s5MbU308C3iG36NjsBTa+0u00qLKuzixo/7HUAcmWPok7CDREOcGLUCho3wUEC+AWYu9156Us+eCO42HRAg=="
    }
  }
}
